
Microsoft Visual Studio Solution File, Format Version 12.00
# Visual Studio 14
VisualStudioVersion = 14.0.25420.1
MinimumVisualStudioVersion = 10.0.40219.1
Project("{FAE04EC0-301F-11D3-BF4B-00C04F79EFBC}") = "BigClownAppTV", "BigClownAppTV\BigClownAppTV.csproj", "{506D0E36-A666-4841-8DA8-9C0F4CD2B32D}"
EndProject
Global
	GlobalSection(SolutionConfigurationPlatforms) = preSolution
		Debug|ARM = Debug|ARM
		Debug|x64 = Debug|x64
		Debug|x86 = Debug|x86
		Release|ARM = Release|ARM
		Release|x64 = Release|x64
		Release|x86 = Release|x86
		remoteDebuging|ARM = remoteDebuging|ARM
		remoteDebuging|x64 = remoteDebuging|x64
		remoteDebuging|x86 = remoteDebuging|x86
	EndGlobalSection
	GlobalSection(ProjectConfigurationPlatforms) = postSolution
		{506D0E36-A666-4841-8DA8-9C0F4CD2B32D}.Debug|ARM.ActiveCfg = Debug|ARM
		{506D0E36-A666-4841-8DA8-9C0F4CD2B32D}.Debug|ARM.Build.0 = Debug|ARM
		{506D0E36-A666-4841-8DA8-9C0F4CD2B32D}.Debug|ARM.Deploy.0 = Debug|ARM
		{506D0E36-A666-4841-8DA8-9C0F4CD2B32D}.Debug|x64.ActiveCfg = Debug|x64
		{506D0E36-A666-4841-8DA8-9C0F4CD2B32D}.Debug|x64.Build.0 = Debug|x64
		{506D0E36-A666-4841-8DA8-9C0F4CD2B32D}.Debug|x64.Deploy.0 = Debug|x64
		{506D0E36-A666-4841-8DA8-9C0F4CD2B32D}.Debug|x86.ActiveCfg = Debug|x86
		{506D0E36-A666-4841-8DA8-9C0F4CD2B32D}.Debug|x86.Build.0 = Debug|x86
		{506D0E36-A666-4841-8DA8-9C0F4CD2B32D}.Debug|x86.Deploy.0 = Debug|x86
		{506D0E36-A666-4841-8DA8-9C0F4CD2B32D}.Release|ARM.ActiveCfg = Release|ARM
		{506D0E36-A666-4841-8DA8-9C0F4CD2B32D}.Release|ARM.Build.0 = Release|ARM
		{506D0E36-A666-4841-8DA8-9C0F4CD2B32D}.Release|ARM.Deploy.0 = Release|ARM
		{506D0E36-A666-4841-8DA8-9C0F4CD2B32D}.Release|x64.ActiveCfg = Release|x64
		{506D0E36-A666-4841-8DA8-9C0F4CD2B32D}.Release|x64.Build.0 = Release|x64
		{506D0E36-A666-4841-8DA8-9C0F4CD2B32D}.Release|x64.Deploy.0 = Release|x64
		{506D0E36-A666-4841-8DA8-9C0F4CD2B32D}.Release|x86.ActiveCfg = Release|x86
		{506D0E36-A666-4841-8DA8-9C0F4CD2B32D}.Release|x86.Build.0 = Release|x86
		{506D0E36-A666-4841-8DA8-9C0F4CD2B32D}.Release|x86.Deploy.0 = Release|x86
		{506D0E36-A666-4841-8DA8-9C0F4CD2B32D}.remoteDebuging|ARM.ActiveCfg = remoteDebuging|ARM
		{506D0E36-A666-4841-8DA8-9C0F4CD2B32D}.remoteDebuging|ARM.Deploy.0 = remoteDebuging|ARM
		{506D0E36-A666-4841-8DA8-9C0F4CD2B32D}.remoteDebuging|x64.ActiveCfg = remoteDebuging|x64
		{506D0E36-A666-4841-8DA8-9C0F4CD2B32D}.remoteDebuging|x64.Build.0 = remoteDebuging|x64
		{506D0E36-A666-4841-8DA8-9C0F4CD2B32D}.remoteDebuging|x64.Deploy.0 = remoteDebuging|x64
		{506D0E36-A666-4841-8DA8-9C0F4CD2B32D}.remoteDebuging|x86.ActiveCfg = remoteDebuging|x86
		{506D0E36-A666-4841-8DA8-9C0F4CD2B32D}.remoteDebuging|x86.Build.0 = remoteDebuging|x86
		{506D0E36-A666-4841-8DA8-9C0F4CD2B32D}.remoteDebuging|x86.Deploy.0 = remoteDebuging|x86
	EndGlobalSection
	GlobalSection(SolutionProperties) = preSolution
		HideSolutionNode = FALSE
	EndGlobalSection
EndGlobal
